// !$*UTF8*$!
{
	archiveVersion = 1;
	classes = {
	};
	objectVersion = 56;
	objects = {

/* Begin PBXBuildFile section */
		EF2D94C62CC15B06000133A5 /* AddMovieViewController.swift in Sources */ = {isa = PBXBuildFile; fileRef = EF2D94C52CC15B06000133A5 /* AddMovieViewController.swift */; };
		EFED7ED42CBED3A0007BD5CF /* AppDelegate.swift in Sources */ = {isa = PBXBuildFile; fileRef = EFED7ED32CBED3A0007BD5CF /* AppDelegate.swift */; };
		EFED7ED62CBED3A0007BD5CF /* SceneDelegate.swift in Sources */ = {isa = PBXBuildFile; fileRef = EFED7ED52CBED3A0007BD5CF /* SceneDelegate.swift */; };
		EFED7ED82CBED3A0007BD5CF /* ViewController.swift in Sources */ = {isa = PBXBuildFile; fileRef = EFED7ED72CBED3A0007BD5CF /* ViewController.swift */; };
		EFED7EDB2CBED3A0007BD5CF /* Base in Resources */ = {isa = PBXBuildFile; fileRef = EFED7EDA2CBED3A0007BD5CF /* Base */; };
		EFED7EDE2CBED3A0007BD5CF /* MoviesList.xcdatamodeld in Sources */ = {isa = PBXBuildFile; fileRef = EFED7EDC2CBED3A0007BD5CF /* MoviesList.xcdatamodeld */; };
		EFED7EE02CBED3A0007BD5CF /* Assets.xcassets in Resources */ = {isa = PBXBuildFile; fileRef = EFED7EDF2CBED3A0007BD5CF /* Assets.xcassets */; };
		EFED7EE32CBED3A0007BD5CF /* Base in Resources */ = {isa = PBXBuildFile; fileRef = EFED7EE22CBED3A0007BD5CF /* Base */; };
		EFED7EEF2CBED40F007BD5CF /* MoviesTableViewCell.swift in Sources */ = {isa = PBXBuildFile; fileRef = EFED7EED2CBED40F007BD5CF /* MoviesTableViewCell.swift */; };
		EFED7EF02CBED40F007BD5CF /* MoviesTableViewCell.xib in Resources */ = {isa = PBXBuildFile; fileRef = EFED7EEE2CBED40F007BD5CF /* MoviesTableViewCell.xib */; };
		EFED7EF22CBED512007BD5CF /* Movie.swift in Sources */ = {isa = PBXBuildFile; fileRef = EFED7EF12CBED512007BD5CF /* Movie.swift */; };
		EFED7EF42CBEEE86007BD5CF /* MovieDetailsViewController.swift in Sources */ = {isa = PBXBuildFile; fileRef = EFED7EF32CBEEE86007BD5CF /* MovieDetailsViewController.swift */; };
/* End PBXBuildFile section */

/* Begin PBXFileReference section */
		EF2D94C52CC15B06000133A5 /* AddMovieViewController.swift */ = {isa = PBXFileReference; lastKnownFileType = sourcecode.swift; path = AddMovieViewController.swift; sourceTree = "<group>"; };
		EFED7ED02CBED3A0007BD5CF /* MoviesList.app */ = {isa = PBXFileReference; explicitFileType = wrapper.application; includeInIndex = 0; path = MoviesList.app; sourceTree = BUILT_PRODUCTS_DIR; };
		EFED7ED32CBED3A0007BD5CF /* AppDelegate.swift */ = {isa = PBXFileReference; lastKnownFileType = sourcecode.swift; path = AppDelegate.swift; sourceTree = "<group>"; };
		EFED7ED52CBED3A0007BD5CF /* SceneDelegate.swift */ = {isa = PBXFileReference; lastKnownFileType = sourcecode.swift; path = SceneDelegate.swift; sourceTree = "<group>"; };
		EFED7ED72CBED3A0007BD5CF /* ViewController.swift */ = {isa = PBXFileReference; lastKnownFileType = sourcecode.swift; path = ViewController.swift; sourceTree = "<group>"; };
		EFED7EDA2CBED3A0007BD5CF /* Base */ = {isa = PBXFileReference; lastKnownFileType = file.storyboard; name = Base; path = Base.lproj/Main.storyboard; sourceTree = "<group>"; };
		EFED7EDD2CBED3A0007BD5CF /* MoviesList.xcdatamodel */ = {isa = PBXFileReference; lastKnownFileType = wrapper.xcdatamodel; path = MoviesList.xcdatamodel; sourceTree = "<group>"; };
		EFED7EDF2CBED3A0007BD5CF /* Assets.xcassets */ = {isa = PBXFileReference; lastKnownFileType = folder.assetcatalog; path = Assets.xcassets; sourceTree = "<group>"; };
		EFED7EE22CBED3A0007BD5CF /* Base */ = {isa = PBXFileReference; lastKnownFileType = file.storyboard; name = Base; path = Base.lproj/LaunchScreen.storyboard; sourceTree = "<group>"; };
		EFED7EE42CBED3A0007BD5CF /* Info.plist */ = {isa = PBXFileReference; lastKnownFileType = text.plist.xml; path = Info.plist; sourceTree = "<group>"; };
		EFED7EED2CBED40F007BD5CF /* MoviesTableViewCell.swift */ = {isa = PBXFileReference; lastKnownFileType = sourcecode.swift; path = MoviesTableViewCell.swift; sourceTree = "<group>"; };
		EFED7EEE2CBED40F007BD5CF /* MoviesTableViewCell.xib */ = {isa = PBXFileReference; lastKnownFileType = file.xib; path = MoviesTableViewCell.xib; sourceTree = "<group>"; };
		EFED7EF12CBED512007BD5CF /* Movie.swift */ = {isa = PBXFileReference; lastKnownFileType = sourcecode.swift; path = Movie.swift; sourceTree = "<group>"; };
		EFED7EF32CBEEE86007BD5CF /* MovieDetailsViewController.swift */ = {isa = PBXFileReference; lastKnownFileType = sourcecode.swift; path = MovieDetailsViewController.swift; sourceTree = "<group>"; };
/* End PBXFileReference section */

/* Begin PBXFrameworksBuildPhase section */
		EFED7ECD2CBED3A0007BD5CF /* Frameworks */ = {
			isa = PBXFrameworksBuildPhase;
			buildActionMask = 2147483647;
			files = (
			);
			runOnlyForDeploymentPostprocessing = 0;
		};
/* End PBXFrameworksBuildPhase section */

/* Begin PBXGroup section */
		EFED7EC72CBED3A0007BD5CF = {
			isa = PBXGroup;
			children = (
				EFED7ED22CBED3A0007BD5CF /* MoviesList */,
				EFED7ED12CBED3A0007BD5CF /* Products */,
			);
			sourceTree = "<group>";
		};
		EFED7ED12CBED3A0007BD5CF /* Products */ = {
			isa = PBXGroup;
			children = (
				EFED7ED02CBED3A0007BD5CF /* MoviesList.app */,
			);
			name = Products;
			sourceTree = "<group>";
		};
		EFED7ED22CBED3A0007BD5CF /* MoviesList */ = {
			isa = PBXGroup;
			children = (
				EFED7EEA2CBED3B5007BD5CF /* Model */,
				EFED7EEB2CBED3C5007BD5CF /* View */,
				EFED7EEC2CBED3CF007BD5CF /* Controller */,
				EFED7ED32CBED3A0007BD5CF /* AppDelegate.swift */,
				EFED7ED52CBED3A0007BD5CF /* SceneDelegate.swift */,
				EFED7ED92CBED3A0007BD5CF /* Main.storyboard */,
				EFED7EDF2CBED3A0007BD5CF /* Assets.xcassets */,
				EFED7EE12CBED3A0007BD5CF /* LaunchScreen.storyboard */,
				EFED7EE42CBED3A0007BD5CF /* Info.plist */,
				EFED7EDC2CBED3A0007BD5CF /* MoviesList.xcdatamodeld */,
			);
			path = MoviesList;
			sourceTree = "<group>";
		};
		EFED7EEA2CBED3B5007BD5CF /* Model */ = {
			isa = PBXGroup;
			children = (
				EFED7EF12CBED512007BD5CF /* Movie.swift */,
			);
			path = Model;
			sourceTree = "<group>";
		};
		EFED7EEB2CBED3C5007BD5CF /* View */ = {
			isa = PBXGroup;
			children = (
				EFED7EED2CBED40F007BD5CF /* MoviesTableViewCell.swift */,
				EFED7EEE2CBED40F007BD5CF /* MoviesTableViewCell.xib */,
			);
			path = View;
			sourceTree = "<group>";
		};
		EFED7EEC2CBED3CF007BD5CF /* Controller */ = {
			isa = PBXGroup;
			children = (
				EFED7ED72CBED3A0007BD5CF /* ViewController.swift */,
				EFED7EF32CBEEE86007BD5CF /* MovieDetailsViewController.swift */,
				EF2D94C52CC15B06000133A5 /* AddMovieViewController.swift */,
			);
			path = Controller;
			sourceTree = "<group>";
		};
/* End PBXGroup section */

/* Begin PBXNativeTarget section */
		EFED7ECF2CBED3A0007BD5CF /* MoviesList */ = {
			isa = PBXNativeTarget;
			buildConfigurationList = EFED7EE72CBED3A0007BD5CF /* Build configuration list for PBXNativeTarget "MoviesList" */;
			buildPhases = (
				EFED7ECC2CBED3A0007BD5CF /* Sources */,
				EFED7ECD2CBED3A0007BD5CF /* Frameworks */,
				EFED7ECE2CBED3A0007BD5CF /* Resources */,
			);
			buildRules = (
			);
			dependencies = (
			);
			name = MoviesList;
			productName = MoviesList;
			productReference = EFED7ED02CBED3A0007BD5CF /* MoviesList.app */;
			productType = "com.apple.product-type.application";
		};
/* End PBXNativeTarget section */

/* Begin PBXProject section */
		EFED7EC82CBED3A0007BD5CF /* Project object */ = {
			isa = PBXProject;
			attributes = {
				BuildIndependentTargetsInParallel = 1;
				LastSwiftUpdateCheck = 1540;
				LastUpgradeCheck = 1540;
				TargetAttributes = {
					EFED7ECF2CBED3A0007BD5CF = {
						CreatedOnToolsVersion = 15.4;
					};
				};
			};
			buildConfigurationList = EFED7ECB2CBED3A0007BD5CF /* Build configuration list for PBXProject "MoviesList" */;
			compatibilityVersion = "Xcode 14.0";
			developmentRegion = en;
			hasScannedForEncodings = 0;
			knownRegions = (
				en,
				Base,
			);
			mainGroup = EFED7EC72CBED3A0007BD5CF;
			productRefGroup = EFED7ED12CBED3A0007BD5CF /* Products */;
			projectDirPath = "";
			projectRoot = "";
			targets = (
				EFED7ECF2CBED3A0007BD5CF /* MoviesList */,
			);
		};
/* End PBXProject section */

/* Begin PBXResourcesBuildPhase section */
		EFED7ECE2CBED3A0007BD5CF /* Resources */ = {
			isa = PBXResourcesBuildPhase;
			buildActionMask = 2147483647;
			files = (
				EFED7EE02CBED3A0007BD5CF /* Assets.xcassets in Resources */,
				EFED7EE32CBED3A0007BD5CF /* Base in Resources */,
				EFED7EF02CBED40F007BD5CF /* MoviesTableViewCell.xib in Resources */,
				EFED7EDB2CBED3A0007BD5CF /* Base in Resources */,
			);
			runOnlyForDeploymentPostprocessing = 0;
		};
/* End PBXResourcesBuildPhase section */

/* Begin PBXSourcesBuildPhase section */
		EFED7ECC2CBED3A0007BD5CF /* Sources */ = {
			isa = PBXSourcesBuildPhase;
			buildActionMask = 2147483647;
			files = (
				EFED7ED82CBED3A0007BD5CF /* ViewController.swift in Sources */,
				EFED7ED42CBED3A0007BD5CF /* AppDelegate.swift in Sources */,
				EFED7EF22CBED512007BD5CF /* Movie.swift in Sources */,
				EFED7EF42CBEEE86007BD5CF /* MovieDetailsViewController.swift in Sources */,
				EFED7EEF2CBED40F007BD5CF /* MoviesTableViewCell.swift in Sources */,
				EFED7EDE2CBED3A0007BD5CF /* MoviesList.xcdatamodeld in Sources */,
				EFED7ED62CBED3A0007BD5CF /* SceneDelegate.swift in Sources */,
				EF2D94C62CC15B06000133A5 /* AddMovieViewController.swift in Sources */,
			);
			runOnlyForDeploymentPostprocessing = 0;
		};
/* End PBXSourcesBuildPhase section */

/* Begin PBXVariantGroup section */
		EFED7ED92CBED3A0007BD5CF /* Main.storyboard */ = {
			isa = PBXVariantGroup;
			children = (
				EFED7EDA2CBED3A0007BD5CF /* Base */,
			);
			name = Main.storyboard;
			sourceTree = "<group>";
		};
		EFED7EE12CBED3A0007BD5CF /* LaunchScreen.storyboard */ = {
			isa = PBXVariantGroup;
			children = (
				EFED7EE22CBED3A0007BD5CF /* Base */,
			);
			name = LaunchScreen.storyboard;
			sourceTree = "<group>";
		};
/* End PBXVariantGroup section */

/* Begin XCBuildConfiguration section */
		EFED7EE52CBED3A0007BD5CF /* Debug */ = {
			isa = XCBuildConfiguration;
			buildSettings = {
				ALWAYS_SEARCH_USER_PATHS = NO;
				ASSETCATALOG_COMPILER_GENERATE_SWIFT_ASSET_SYMBOL_EXTENSIONS = YES;
				CLANG_ANALYZER_NONNULL = YES;
				CLANG_ANALYZER_NUMBER_OBJECT_CONVERSION = YES_AGGRESSIVE;
				CLANG_CXX_LANGUAGE_STANDARD = "gnu++20";
				CLANG_ENABLE_MODULES = YES;
				CLANG_ENABLE_OBJC_ARC = YES;
				CLANG_ENABLE_OBJC_WEAK = YES;
				CLANG_WARN_BLOCK_CAPTURE_AUTORELEASING = YES;
				CLANG_WARN_BOOL_CONVERSION = YES;
				CLANG_WARN_COMMA = YES;
				CLANG_WARN_CONSTANT_CONVERSION = YES;
				CLANG_WARN_DEPRECATED_OBJC_IMPLEMENTATIONS = YES;
				CLANG_WARN_DIRECT_OBJC_ISA_USAGE = YES_ERROR;
				CLANG_WARN_DOCUMENTATION_COMMENTS = YES;
				CLANG_WARN_EMPTY_BODY = YES;
				CLANG_WARN_ENUM_CONVERSION = YES;
				CLANG_WARN_INFINITE_RECURSION = YES;
				CLANG_WARN_INT_CONVERSION = YES;
				CLANG_WARN_NON_LITERAL_NULL_CONVERSION = YES;
				CLANG_WARN_OBJC_IMPLICIT_RETAIN_SELF = YES;
				CLANG_WARN_OBJC_LITERAL_CONVERSION = YES;
				CLANG_WARN_OBJC_ROOT_CLASS = YES_ERROR;
				CLANG_WARN_QUOTED_INCLUDE_IN_FRAMEWORK_HEADER = YES;
				CLANG_WARN_RANGE_LOOP_ANALYSIS = YES;
				CLANG_WARN_STRICT_PROTOTYPES = YES;
				CLANG_WARN_SUSPICIOUS_MOVE = YES;
				CLANG_WARN_UNGUARDED_AVAILABILITY = YES_AGGRESSIVE;
				CLANG_WARN_UNREACHABLE_CODE = YES;
				CLANG_WARN__DUPLICATE_METHOD_MATCH = YES;
				COPY_PHASE_STRIP = NO;
				DEBUG_INFORMATION_FORMAT = dwarf;
				ENABLE_STRICT_OBJC_MSGSEND = YES;
				ENABLE_TESTABILITY = YES;
				ENABLE_USER_SCRIPT_SANDBOXING = YES;
				GCC_C_LANGUAGE_STANDARD = gnu17;
				GCC_DYNAMIC_NO_PIC = NO;
				GCC_NO_COMMON_BLOCKS = YES;
				GCC_OPTIMIZATION_LEVEL = 0;
				GCC_PREPROCESSOR_DEFINITIONS = (
					"DEBUG=1",
					"$(inherited)",
				);
				GCC_WARN_64_TO_32_BIT_CONVERSION = YES;
				GCC_WARN_ABOUT_RETURN_TYPE = YES_ERROR;
				GCC_WARN_UNDECLARED_SELECTOR = YES;
				GCC_WARN_UNINITIALIZED_AUTOS = YES_AGGRESSIVE;
				GCC_WARN_UNUSED_FUNCTION = YES;
				GCC_WARN_UNUSED_VARIABLE = YES;
				IPHONEOS_DEPLOYMENT_TARGET = 17.5;
				LOCALIZATION_PREFERS_STRING_CATALOGS = YES;
				MTL_ENABLE_DEBUG_INFO = INCLUDE_SOURCE;
				MTL_FAST_MATH = YES;
				ONLY_ACTIVE_ARCH = YES;
				SDKROOT = iphoneos;
				SWIFT_ACTIVE_COMPILATION_CONDITIONS = "DEBUG $(inherited)";
				SWIFT_OPTIMIZATION_LEVEL = "-Onone";
			};
			name = Debug;
		};
		EFED7EE62CBED3A0007BD5CF /* Release */ = {
			isa = XCBuildConfiguration;
			buildSettings = {
				ALWAYS_SEARCH_USER_PATHS = NO;
				ASSETCATALOG_COMPILER_GENERATE_SWIFT_ASSET_SYMBOL_EXTENSIONS = YES;
				CLANG_ANALYZER_NONNULL = YES;
				CLANG_ANALYZER_NUMBER_OBJECT_CONVERSION = YES_AGGRESSIVE;
				CLANG_CXX_LANGUAGE_STANDARD = "gnu++20";
				CLANG_ENABLE_MODULES = YES;
				CLANG_ENABLE_OBJC_ARC = YES;
				CLANG_ENABLE_OBJC_WEAK = YES;
				CLANG_WARN_BLOCK_CAPTURE_AUTORELEASING = YES;
				CLANG_WARN_BOOL_CONVERSION = YES;
				CLANG_WARN_COMMA = YES;
				CLANG_WARN_CONSTANT_CONVERSION = YES;
				CLANG_WARN_DEPRECATED_OBJC_IMPLEMENTATIONS = YES;
				CLANG_WARN_DIRECT_OBJC_ISA_USAGE = YES_ERROR;
				CLANG_WARN_DOCUMENTATION_COMMENTS = YES;
				CLANG_WARN_EMPTY_BODY = YES;
				CLANG_WARN_ENUM_CONVERSION = YES;
				CLANG_WARN_INFINITE_RECURSION = YES;
				CLANG_WARN_INT_CONVERSION = YES;
				CLANG_WARN_NON_LITERAL_NULL_CONVERSION = YES;
				CLANG_WARN_OBJC_IMPLICIT_RETAIN_SELF = YES;
				CLANG_WARN_OBJC_LITERAL_CONVERSION = YES;
				CLANG_WARN_OBJC_ROOT_CLASS = YES_ERROR;
				CLANG_WARN_QUOTED_INCLUDE_IN_FRAMEWORK_HEADER = YES;
				CLANG_WARN_RANGE_LOOP_ANALYSIS = YES;
				CLANG_WARN_STRICT_PROTOTYPES = YES;
				CLANG_WARN_SUSPICIOUS_MOVE = YES;
				CLANG_WARN_UNGUARDED_AVAILABILITY = YES_AGGRESSIVE;
				CLANG_WARN_UNREACHABLE_CODE = YES;
				CLANG_WARN__DUPLICATE_METHOD_MATCH = YES;
				COPY_PHASE_STRIP = NO;
				DEBUG_INFORMATION_FORMAT = "dwarf-with-dsym";
				ENABLE_NS_ASSERTIONS = NO;
				ENABLE_STRICT_OBJC_MSGSEND = YES;
				ENABLE_USER_SCRIPT_SANDBOXING = YES;
				GCC_C_LANGUAGE_STANDARD = gnu17;
				GCC_NO_COMMON_BLOCKS = YES;
				GCC_WARN_64_TO_32_BIT_CONVERSION = YES;
				GCC_WARN_ABOUT_RETURN_TYPE = YES_ERROR;
				GCC_WARN_UNDECLARED_SELECTOR = YES;
				GCC_WARN_UNINITIALIZED_AUTOS = YES_AGGRESSIVE;
				GCC_WARN_UNUSED_FUNCTION = YES;
				GCC_WARN_UNUSED_VARIABLE = YES;
				IPHONEOS_DEPLOYMENT_TARGET = 17.5;
				LOCALIZATION_PREFERS_STRING_CATALOGS = YES;
				MTL_ENABLE_DEBUG_INFO = NO;
				MTL_FAST_MATH = YES;
				SDKROOT = iphoneos;
				SWIFT_COMPILATION_MODE = wholemodule;
				VALIDATE_PRODUCT = YES;
			};
			name = Release;
		};
		EFED7EE82CBED3A0007BD5CF /* Debug */ = {
			isa = XCBuildConfiguration;
			buildSettings = {
				ASSETCATALOG_COMPILER_APPICON_NAME = AppIcon;
				ASSETCATALOG_COMPILER_GLOBAL_ACCENT_COLOR_NAME = AccentColor;
				CODE_SIGN_STYLE = Automatic;
				CURRENT_PROJECT_VERSION = 1;
				GENERATE_INFOPLIST_FILE = YES;
				INFOPLIST_FILE = MoviesList/Info.plist;
				INFOPLIST_KEY_UIApplicationSupportsIndirectInputEvents = YES;
				INFOPLIST_KEY_UILaunchStoryboardName = LaunchScreen;
				INFOPLIST_KEY_UIMainStoryboardFile = Main;
				INFOPLIST_KEY_UISupportedInterfaceOrientations_iPad = "UIInterfaceOrientationPortrait UIInterfaceOrientationPortraitUpsideDown UIInterfaceOrientationLandscapeLeft UIInterfaceOrientationLandscapeRight";
				INFOPLIST_KEY_UISupportedInterfaceOrientations_iPhone = "UIInterfaceOrientationPortrait UIInterfaceOrientationLandscapeLeft UIInterfaceOrientationLandscapeRight";
				LD_RUNPATH_SEARCH_PATHS = (
					"$(inherited)",
					"@executable_path/Frameworks",
				);
				MARKETING_VERSION = 1.0;
				PRODUCT_BUNDLE_IDENTIFIER = com.hazz.MoviesList;
				PRODUCT_NAME = "$(TARGET_NAME)";
				SWIFT_EMIT_LOC_STRINGS = YES;
				SWIFT_VERSION = 5.0;
				TARGETED_DEVICE_FAMILY = "1,2";
			};
			name = Debug;
		};
		EFED7EE92CBED3A0007BD5CF /* Release */ = {
			isa = XCBuildConfiguration;
			buildSettings = {
				ASSETCATALOG_COMPILER_APPICON_NAME = AppIcon;
				ASSETCATALOG_COMPILER_GLOBAL_ACCENT_COLOR_NAME = AccentColor;
				CODE_SIGN_STYLE = Automatic;
				CURRENT_PROJECT_VERSION = 1;
				GENERATE_INFOPLIST_FILE = YES;
				INFOPLIST_FILE = MoviesList/Info.plist;
				INFOPLIST_KEY_UIApplicationSupportsIndirectInputEvents = YES;
				INFOPLIST_KEY_UILaunchStoryboardName = LaunchScreen;
				INFOPLIST_KEY_UIMainStoryboardFile = Main;
				INFOPLIST_KEY_UISupportedInterfaceOrientations_iPad = "UIInterfaceOrientationPortrait UIInterfaceOrientationPortraitUpsideDown UIInterfaceOrientationLandscapeLeft UIInterfaceOrientationLandscapeRight";
				INFOPLIST_KEY_UISupportedInterfaceOrientations_iPhone = "UIInterfaceOrientationPortrait UIInterfaceOrientationLandscapeLeft UIInterfaceOrientationLandscapeRight";
				LD_RUNPATH_SEARCH_PATHS = (
					"$(inherited)",
					"@executable_path/Frameworks",
				);
				MARKETING_VERSION = 1.0;
				PRODUCT_BUNDLE_IDENTIFIER = com.hazz.MoviesList;
				PRODUCT_NAME = "$(TARGET_NAME)";
				SWIFT_EMIT_LOC_STRINGS = YES;
				SWIFT_VERSION = 5.0;
				TARGETED_DEVICE_FAMILY = "1,2";
			};
			name = Release;
		};
/* End XCBuildConfiguration section */

/* Begin XCConfigurationList section */
		EFED7ECB2CBED3A0007BD5CF /* Build configuration list for PBXProject "MoviesList" */ = {
			isa = XCConfigurationList;
			buildConfigurations = (
				EFED7EE52CBED3A0007BD5CF /* Debug */,
				EFED7EE62CBED3A0007BD5CF /* Release */,
			);
			defaultConfigurationIsVisible = 0;
			defaultConfigurationName = Release;
		};
		EFED7EE72CBED3A0007BD5CF /* Build configuration list for PBXNativeTarget "MoviesList" */ = {
			isa = XCConfigurationList;
			buildConfigurations = (
				EFED7EE82CBED3A0007BD5CF /* Debug */,
				EFED7EE92CBED3A0007BD5CF /* Release */,
			);
			defaultConfigurationIsVisible = 0;
			defaultConfigurationName = Release;
		};
/* End XCConfigurationList section */

/* Begin XCVersionGroup section */
		EFED7EDC2CBED3A0007BD5CF /* MoviesList.xcdatamodeld */ = {
			isa = XCVersionGroup;
			children = (
				EFED7EDD2CBED3A0007BD5CF /* MoviesList.xcdatamodel */,
			);
			currentVersion = EFED7EDD2CBED3A0007BD5CF /* MoviesList.xcdatamodel */;
			path = MoviesList.xcdatamodeld;
			sourceTree = "<group>";
			versionGroupType = wrapper.xcdatamodel;
		};
/* End XCVersionGroup section */
	};
	rootObject = EFED7EC82CBED3A0007BD5CF /* Project object */;
}
